
Microsoft Visual Studio Solution File, Format Version 12.00
# Visual Studio Version 16
VisualStudioVersion = 16.0.32407.337
MinimumVisualStudioVersion = 10.0.40219.1
Project("{FAE04EC0-301F-11D3-BF4B-00C04F79EFBC}") = "CatPong", "CatPong\CatPong.csproj", "{562EC2DC-047B-44B3-9A6D-25C21EC1C900}"
EndProject
Global
	GlobalSection(SolutionConfigurationPlatforms) = preSolution
		Debug|Any CPU = Debug|Any CPU
		Release|Any CPU = Release|Any CPU
	EndGlobalSection
	GlobalSection(ProjectConfigurationPlatforms) = postSolution
		{562EC2DC-047B-44B3-9A6D-25C21EC1C900}.Debug|Any CPU.ActiveCfg = Debug|Any CPU
		{562EC2DC-047B-44B3-9A6D-25C21EC1C900}.Debug|Any CPU.Build.0 = Debug|Any CPU
		{562EC2DC-047B-44B3-9A6D-25C21EC1C900}.Release|Any CPU.ActiveCfg = Release|Any CPU
		{562EC2DC-047B-44B3-9A6D-25C21EC1C900}.Release|Any CPU.Build.0 = Release|Any CPU
	EndGlobalSection
	GlobalSection(SolutionProperties) = preSolution
		HideSolutionNode = FALSE
	EndGlobalSection
	GlobalSection(ExtensibilityGlobals) = postSolution
		SolutionGuid = {EDC87AF6-FE16-4190-AAB1-F9C5D65476DE}
	EndGlobalSection
EndGlobal
